
Microsoft Visual Studio Solution File, Format Version 12.00
# Visual Studio Version 17
VisualStudioVersion = 17.10.35027.167
MinimumVisualStudioVersion = 10.0.40219.1
Project("{2150E333-8FDC-42A3-9474-1A3956D46DE8}") = "Database", "Database", "{4B732134-9410-4F84-BDC0-61BE2F964721}"
EndProject
Project("{2150E333-8FDC-42A3-9474-1A3956D46DE8}") = "DevOps", "DevOps", "{149EA952-A834-41C0-9BC5-4930995F1FDA}"
	ProjectSection(SolutionItems) = preProject
		docker-compose.yml = docker-compose.yml
	EndProjectSection
EndProject
Project("{2150E333-8FDC-42A3-9474-1A3956D46DE8}") = "Code", "Code", "{A0394DC3-70D2-4673-AD02-075FB47A6CB5}"
EndProject
Project("{2150E333-8FDC-42A3-9474-1A3956D46DE8}") = "Backend", "Backend", "{89CA2D1F-0156-4813-9895-F2892FF62799}"
EndProject
Project("{2150E333-8FDC-42A3-9474-1A3956D46DE8}") = "Frontend", "Frontend", "{7DECB00E-1B9B-4797-9F13-C94D812D9850}"
EndProject
Project("{2150E333-8FDC-42A3-9474-1A3956D46DE8}") = "Sales", "Sales", "{ED527C80-AB2F-41AC-8305-139F8193746E}"
EndProject
Project("{2150E333-8FDC-42A3-9474-1A3956D46DE8}") = "Admin", "Admin", "{BA9B4C9A-202C-4E37-8613-86C3638273F8}"
EndProject
Project("{2150E333-8FDC-42A3-9474-1A3956D46DE8}") = "App", "App", "{05D9ED9B-E2EF-4142-9FFF-0844239773DE}"
EndProject
Project("{2150E333-8FDC-42A3-9474-1A3956D46DE8}") = "Core", "Core", "{C410AAA7-4C85-4C3B-B281-8DCB9405550D}"
EndProject
Project("{2150E333-8FDC-42A3-9474-1A3956D46DE8}") = "Shared", "Shared", "{EC51C515-5CF0-4F6D-90A6-00FD5B68F80A}"
EndProject
Project("{FAE04EC0-301F-11D3-BF4B-00C04F79EFBC}") = "Minibox.Code.Backend.App.Api", "Minibox.Code.Backend.App.Api\Minibox.Code.Backend.App.Api.csproj", "{71871DE0-9B77-4143-9604-094431A55BE5}"
EndProject
Project("{FAE04EC0-301F-11D3-BF4B-00C04F79EFBC}") = "Minibox.Code.Backend.App.HouseKeeper", "Minibox.Code.Backend.App.HouseKeeper\Minibox.Code.Backend.App.HouseKeeper.csproj", "{C6BA0A6B-7717-4672-A8E5-50073FE9B56D}"
EndProject
Project("{FAE04EC0-301F-11D3-BF4B-00C04F79EFBC}") = "Minibox.Code.Backend.Core.App", "Minibox.Code.Backend.Core.App\Minibox.Code.Backend.Core.App.csproj", "{7050AFBB-836A-4C8F-A987-90B3E022AF6C}"
EndProject
Project("{FAE04EC0-301F-11D3-BF4B-00C04F79EFBC}") = "Minibox.Code.Backend.Core.Domain", "Minibox.Code.Backend.Core.Domain\Minibox.Code.Backend.Core.Domain.csproj", "{DD8194D4-466E-42A0-9E8C-49994C302B97}"
EndProject
Project("{FAE04EC0-301F-11D3-BF4B-00C04F79EFBC}") = "Minibox.Code.Backend.Core.Infrastructure", "Minibox.Code.Backend.Core.Infrastructure\Minibox.Code.Backend.Core.Infrastructure.csproj", "{0E8E7CF9-8D75-46A1-9B44-F37ED98D32F3}"
EndProject
Project("{FAE04EC0-301F-11D3-BF4B-00C04F79EFBC}") = "Minibox.Code.Backend.Core.Persistence", "Minibox.Code.Backend.Core.Persistence\Minibox.Code.Backend.Core.Persistence.csproj", "{1EBBE234-4247-4F1A-9E1D-08F5A5D37D65}"
EndProject
Project("{2150E333-8FDC-42A3-9474-1A3956D46DE8}") = "Module", "Module", "{13F3CA34-643A-4803-8461-47964BBEE1E3}"
EndProject
Project("{FAE04EC0-301F-11D3-BF4B-00C04F79EFBC}") = "Minibox.Code.Backend.Shared.Library", "Minibox.Code.Backend.Shared.Library\Minibox.Code.Backend.Shared.Library.csproj", "{ED7AD2B9-EBC5-47BF-87B6-A802F6A91C11}"
EndProject
Project("{FAE04EC0-301F-11D3-BF4B-00C04F79EFBC}") = "Minibox.Code.Backend.Shared.Model", "Minibox.Code.Backend.Shared.Model\Minibox.Code.Backend.Shared.Model.csproj", "{D0413893-15F0-4B7C-BEF8-A22D1C95606D}"
EndProject
Project("{FAE04EC0-301F-11D3-BF4B-00C04F79EFBC}") = "Minibox.Code.Backend.Shared.Module.Logging", "Minibox.Code.Backend.Shared.Module.Logging\Minibox.Code.Backend.Shared.Module.Logging.csproj", "{8851308C-BC26-4E76-BA5D-EA8CF2372E9F}"
EndProject
Project("{FAE04EC0-301F-11D3-BF4B-00C04F79EFBC}") = "Minibox.Code.Backend.Shared.Module.Mapping", "Minibox.Code.Backend.Shared.Module.Mapping\Minibox.Code.Backend.Shared.Module.Mapping.csproj", "{25C069C7-AC5A-4916-956B-4176223E5B24}"
EndProject
Project("{00D1A9C2-B5F0-4AF3-8072-F6C62B433612}") = "Minibox.Database.DbDeployment", "Minibox.Database.DbDeployment\Minibox.Database.DbDeployment.sqlproj", "{084B75AF-74A7-4969-8330-281724CA088A}"
EndProject
Project("{FAE04EC0-301F-11D3-BF4B-00C04F79EFBC}") = "Minibox.Code.Frontend.Admin.Site", "Minibox.Code.Frontend.Admin.Site\Minibox.Code.Frontend.Admin.Site.csproj", "{9EF2E0B4-BC0E-4E94-8528-257269B8F75B}"
EndProject
Project("{FAE04EC0-301F-11D3-BF4B-00C04F79EFBC}") = "Minibox.Code.Frontend.Sales.Site", "Minibox.Code.Frontend.Sales.Site\Minibox.Code.Frontend.Sales.Site.csproj", "{515E9AD7-50AD-4676-A72D-CFC203E94B6F}"
EndProject
Global
	GlobalSection(SolutionConfigurationPlatforms) = preSolution
		Debug|Any CPU = Debug|Any CPU
		Release|Any CPU = Release|Any CPU
	EndGlobalSection
	GlobalSection(ProjectConfigurationPlatforms) = postSolution
		{71871DE0-9B77-4143-9604-094431A55BE5}.Debug|Any CPU.ActiveCfg = Debug|Any CPU
		{71871DE0-9B77-4143-9604-094431A55BE5}.Debug|Any CPU.Build.0 = Debug|Any CPU
		{71871DE0-9B77-4143-9604-094431A55BE5}.Release|Any CPU.ActiveCfg = Release|Any CPU
		{71871DE0-9B77-4143-9604-094431A55BE5}.Release|Any CPU.Build.0 = Release|Any CPU
		{C6BA0A6B-7717-4672-A8E5-50073FE9B56D}.Debug|Any CPU.ActiveCfg = Debug|Any CPU
		{C6BA0A6B-7717-4672-A8E5-50073FE9B56D}.Debug|Any CPU.Build.0 = Debug|Any CPU
		{C6BA0A6B-7717-4672-A8E5-50073FE9B56D}.Release|Any CPU.ActiveCfg = Release|Any CPU
		{C6BA0A6B-7717-4672-A8E5-50073FE9B56D}.Release|Any CPU.Build.0 = Release|Any CPU
		{7050AFBB-836A-4C8F-A987-90B3E022AF6C}.Debug|Any CPU.ActiveCfg = Debug|Any CPU
		{7050AFBB-836A-4C8F-A987-90B3E022AF6C}.Debug|Any CPU.Build.0 = Debug|Any CPU
		{7050AFBB-836A-4C8F-A987-90B3E022AF6C}.Release|Any CPU.ActiveCfg = Release|Any CPU
		{7050AFBB-836A-4C8F-A987-90B3E022AF6C}.Release|Any CPU.Build.0 = Release|Any CPU
		{DD8194D4-466E-42A0-9E8C-49994C302B97}.Debug|Any CPU.ActiveCfg = Debug|Any CPU
		{DD8194D4-466E-42A0-9E8C-49994C302B97}.Debug|Any CPU.Build.0 = Debug|Any CPU
		{DD8194D4-466E-42A0-9E8C-49994C302B97}.Release|Any CPU.ActiveCfg = Release|Any CPU
		{DD8194D4-466E-42A0-9E8C-49994C302B97}.Release|Any CPU.Build.0 = Release|Any CPU
		{0E8E7CF9-8D75-46A1-9B44-F37ED98D32F3}.Debug|Any CPU.ActiveCfg = Debug|Any CPU
		{0E8E7CF9-8D75-46A1-9B44-F37ED98D32F3}.Debug|Any CPU.Build.0 = Debug|Any CPU
		{0E8E7CF9-8D75-46A1-9B44-F37ED98D32F3}.Release|Any CPU.ActiveCfg = Release|Any CPU
		{0E8E7CF9-8D75-46A1-9B44-F37ED98D32F3}.Release|Any CPU.Build.0 = Release|Any CPU
		{1EBBE234-4247-4F1A-9E1D-08F5A5D37D65}.Debug|Any CPU.ActiveCfg = Debug|Any CPU
		{1EBBE234-4247-4F1A-9E1D-08F5A5D37D65}.Debug|Any CPU.Build.0 = Debug|Any CPU
		{1EBBE234-4247-4F1A-9E1D-08F5A5D37D65}.Release|Any CPU.ActiveCfg = Release|Any CPU
		{1EBBE234-4247-4F1A-9E1D-08F5A5D37D65}.Release|Any CPU.Build.0 = Release|Any CPU
		{ED7AD2B9-EBC5-47BF-87B6-A802F6A91C11}.Debug|Any CPU.ActiveCfg = Debug|Any CPU
		{ED7AD2B9-EBC5-47BF-87B6-A802F6A91C11}.Debug|Any CPU.Build.0 = Debug|Any CPU
		{ED7AD2B9-EBC5-47BF-87B6-A802F6A91C11}.Release|Any CPU.ActiveCfg = Release|Any CPU
		{ED7AD2B9-EBC5-47BF-87B6-A802F6A91C11}.Release|Any CPU.Build.0 = Release|Any CPU
		{D0413893-15F0-4B7C-BEF8-A22D1C95606D}.Debug|Any CPU.ActiveCfg = Debug|Any CPU
		{D0413893-15F0-4B7C-BEF8-A22D1C95606D}.Debug|Any CPU.Build.0 = Debug|Any CPU
		{D0413893-15F0-4B7C-BEF8-A22D1C95606D}.Release|Any CPU.ActiveCfg = Release|Any CPU
		{D0413893-15F0-4B7C-BEF8-A22D1C95606D}.Release|Any CPU.Build.0 = Release|Any CPU
		{8851308C-BC26-4E76-BA5D-EA8CF2372E9F}.Debug|Any CPU.ActiveCfg = Debug|Any CPU
		{8851308C-BC26-4E76-BA5D-EA8CF2372E9F}.Debug|Any CPU.Build.0 = Debug|Any CPU
		{8851308C-BC26-4E76-BA5D-EA8CF2372E9F}.Release|Any CPU.ActiveCfg = Release|Any CPU
		{8851308C-BC26-4E76-BA5D-EA8CF2372E9F}.Release|Any CPU.Build.0 = Release|Any CPU
		{25C069C7-AC5A-4916-956B-4176223E5B24}.Debug|Any CPU.ActiveCfg = Debug|Any CPU
		{25C069C7-AC5A-4916-956B-4176223E5B24}.Debug|Any CPU.Build.0 = Debug|Any CPU
		{25C069C7-AC5A-4916-956B-4176223E5B24}.Release|Any CPU.ActiveCfg = Release|Any CPU
		{25C069C7-AC5A-4916-956B-4176223E5B24}.Release|Any CPU.Build.0 = Release|Any CPU
		{084B75AF-74A7-4969-8330-281724CA088A}.Debug|Any CPU.ActiveCfg = Debug|Any CPU
		{084B75AF-74A7-4969-8330-281724CA088A}.Debug|Any CPU.Build.0 = Debug|Any CPU
		{084B75AF-74A7-4969-8330-281724CA088A}.Debug|Any CPU.Deploy.0 = Debug|Any CPU
		{084B75AF-74A7-4969-8330-281724CA088A}.Release|Any CPU.ActiveCfg = Release|Any CPU
		{084B75AF-74A7-4969-8330-281724CA088A}.Release|Any CPU.Build.0 = Release|Any CPU
		{084B75AF-74A7-4969-8330-281724CA088A}.Release|Any CPU.Deploy.0 = Release|Any CPU
		{9EF2E0B4-BC0E-4E94-8528-257269B8F75B}.Debug|Any CPU.ActiveCfg = Debug|Any CPU
		{9EF2E0B4-BC0E-4E94-8528-257269B8F75B}.Debug|Any CPU.Build.0 = Debug|Any CPU
		{9EF2E0B4-BC0E-4E94-8528-257269B8F75B}.Release|Any CPU.ActiveCfg = Release|Any CPU
		{9EF2E0B4-BC0E-4E94-8528-257269B8F75B}.Release|Any CPU.Build.0 = Release|Any CPU
		{515E9AD7-50AD-4676-A72D-CFC203E94B6F}.Debug|Any CPU.ActiveCfg = Debug|Any CPU
		{515E9AD7-50AD-4676-A72D-CFC203E94B6F}.Debug|Any CPU.Build.0 = Debug|Any CPU
		{515E9AD7-50AD-4676-A72D-CFC203E94B6F}.Release|Any CPU.ActiveCfg = Release|Any CPU
		{515E9AD7-50AD-4676-A72D-CFC203E94B6F}.Release|Any CPU.Build.0 = Release|Any CPU
	EndGlobalSection
	GlobalSection(SolutionProperties) = preSolution
		HideSolutionNode = FALSE
	EndGlobalSection
	GlobalSection(NestedProjects) = preSolution
		{89CA2D1F-0156-4813-9895-F2892FF62799} = {A0394DC3-70D2-4673-AD02-075FB47A6CB5}
		{7DECB00E-1B9B-4797-9F13-C94D812D9850} = {A0394DC3-70D2-4673-AD02-075FB47A6CB5}
		{ED527C80-AB2F-41AC-8305-139F8193746E} = {7DECB00E-1B9B-4797-9F13-C94D812D9850}
		{BA9B4C9A-202C-4E37-8613-86C3638273F8} = {7DECB00E-1B9B-4797-9F13-C94D812D9850}
		{05D9ED9B-E2EF-4142-9FFF-0844239773DE} = {89CA2D1F-0156-4813-9895-F2892FF62799}
		{C410AAA7-4C85-4C3B-B281-8DCB9405550D} = {89CA2D1F-0156-4813-9895-F2892FF62799}
		{EC51C515-5CF0-4F6D-90A6-00FD5B68F80A} = {89CA2D1F-0156-4813-9895-F2892FF62799}
		{71871DE0-9B77-4143-9604-094431A55BE5} = {05D9ED9B-E2EF-4142-9FFF-0844239773DE}
		{C6BA0A6B-7717-4672-A8E5-50073FE9B56D} = {05D9ED9B-E2EF-4142-9FFF-0844239773DE}
		{7050AFBB-836A-4C8F-A987-90B3E022AF6C} = {C410AAA7-4C85-4C3B-B281-8DCB9405550D}
		{DD8194D4-466E-42A0-9E8C-49994C302B97} = {C410AAA7-4C85-4C3B-B281-8DCB9405550D}
		{0E8E7CF9-8D75-46A1-9B44-F37ED98D32F3} = {C410AAA7-4C85-4C3B-B281-8DCB9405550D}
		{1EBBE234-4247-4F1A-9E1D-08F5A5D37D65} = {C410AAA7-4C85-4C3B-B281-8DCB9405550D}
		{13F3CA34-643A-4803-8461-47964BBEE1E3} = {EC51C515-5CF0-4F6D-90A6-00FD5B68F80A}
		{ED7AD2B9-EBC5-47BF-87B6-A802F6A91C11} = {EC51C515-5CF0-4F6D-90A6-00FD5B68F80A}
		{D0413893-15F0-4B7C-BEF8-A22D1C95606D} = {EC51C515-5CF0-4F6D-90A6-00FD5B68F80A}
		{8851308C-BC26-4E76-BA5D-EA8CF2372E9F} = {13F3CA34-643A-4803-8461-47964BBEE1E3}
		{25C069C7-AC5A-4916-956B-4176223E5B24} = {13F3CA34-643A-4803-8461-47964BBEE1E3}
		{084B75AF-74A7-4969-8330-281724CA088A} = {4B732134-9410-4F84-BDC0-61BE2F964721}
		{9EF2E0B4-BC0E-4E94-8528-257269B8F75B} = {BA9B4C9A-202C-4E37-8613-86C3638273F8}
		{515E9AD7-50AD-4676-A72D-CFC203E94B6F} = {ED527C80-AB2F-41AC-8305-139F8193746E}
	EndGlobalSection
	GlobalSection(ExtensibilityGlobals) = postSolution
		SolutionGuid = {8E8D2408-0464-4D8F-9337-D9B410C7F407}
	EndGlobalSection
EndGlobal
